{
  "originHash" : "273e56d14f035a5e8b8ec7cf4454374bd86a2bf3ef8095af139ca7bed972cef1",
  "pins" : [
    {
      "identity" : "robokit",
      "kind" : "remoteSourceControl",
      "location" : "https://github.com/Spacial-Dragons/RoboKit",
      "state" : {
        "branch" : "feat/image-tracking-refactoring",
        "revision" : "af691d90eec85b1d89a0089dad680d43fab50a38"
      }
    }
  ],
  "version" : 3
}
