{
  "originHash" : "3179e38e60ff977b44a81f3b3a4bcac4a33076844b9d110113b7a5a5b3c15fcc",
  "pins" : [
    {
      "identity" : "robokit",
      "kind" : "remoteSourceControl",
      "location" : "https://github.com/Spacial-Dragons/RoboKit",
      "state" : {
        "branch" : "feature/socket-tests",
        "revision" : "16eb190b8a2a041c7b481e4567594d552105f450"
      }
    },
    {
      "identity" : "swiftlintplugins",
      "kind" : "remoteSourceControl",
      "location" : "https://github.com/SimplyDanny/SwiftLintPlugins",
      "state" : {
        "revision" : "8545ddf4de043e6f2051c5cf204f39ef778ebf6b",
        "version" : "0.59.1"
      }
    }
  ],
  "version" : 3
}
